
Microsoft Visual Studio Solution File, Format Version 12.00
# Visual Studio 15
VisualStudioVersion = 15.0.28307.645
MinimumVisualStudioVersion = 10.0.40219.1
Project("{FAE04EC0-301F-11D3-BF4B-00C04F79EFBC}") = "MyFamilyTree.Android", "MyFamilyTree\MyFamilyTree.Android\MyFamilyTree.Android.csproj", "{94D18354-AC59-4145-8669-367BBB0F2CA5}"
EndProject
Project("{FAE04EC0-301F-11D3-BF4B-00C04F79EFBC}") = "MyFamilyTree.iOS", "MyFamilyTree\MyFamilyTree.iOS\MyFamilyTree.iOS.csproj", "{DCD7D95C-DF84-49F4-85B1-D4601F1D993E}"
EndProject
Project("{9A19103F-16F7-4668-BE54-9A1E7A4F7556}") = "MyFamilyTree.App", "MyFamilyTree\MyFamilyTree\MyFamilyTree.App.csproj", "{5C1EA95F-A2BC-42DD-A396-B154A103AC59}"
EndProject
Project("{9A19103F-16F7-4668-BE54-9A1E7A4F7556}") = "MyFamilyTree.Business", "MyFamilyTree.BusinessLogic\MyFamilyTree.Business.csproj", "{0FE84616-2E8D-4B95-BB73-B5CBAAD7D4CE}"
EndProject
Project("{9A19103F-16F7-4668-BE54-9A1E7A4F7556}") = "MyFamilyTree.Data", "MyFamilyTree.Data\MyFamilyTree.Data.csproj", "{3760B46A-E0E1-4D7D-956E-308C3201E8D3}"
EndProject
Project("{9A19103F-16F7-4668-BE54-9A1E7A4F7556}") = "MyFamilyTree.Presentation", "MyFamilyTree.Presentation\MyFamilyTree.Presentation.csproj", "{C9B0EA5C-8D3E-4643-A295-7D1912DDB288}"
EndProject
Project("{FAE04EC0-301F-11D3-BF4B-00C04F79EFBC}") = "MyFamilyTree.ServiceLayer", "MyFamilyTree.ServiceLayer\MyFamilyTree.ServiceLayer.csproj", "{342ED3F4-00F2-43A4-940B-931422A8422A}"
EndProject
Global
	GlobalSection(SolutionConfigurationPlatforms) = preSolution
		Debug|Any CPU = Debug|Any CPU
		Debug|iPhone = Debug|iPhone
		Debug|iPhoneSimulator = Debug|iPhoneSimulator
		Release|Any CPU = Release|Any CPU
		Release|iPhone = Release|iPhone
		Release|iPhoneSimulator = Release|iPhoneSimulator
	EndGlobalSection
	GlobalSection(ProjectConfigurationPlatforms) = postSolution
		{94D18354-AC59-4145-8669-367BBB0F2CA5}.Debug|Any CPU.ActiveCfg = Debug|Any CPU
		{94D18354-AC59-4145-8669-367BBB0F2CA5}.Debug|Any CPU.Build.0 = Debug|Any CPU
		{94D18354-AC59-4145-8669-367BBB0F2CA5}.Debug|Any CPU.Deploy.0 = Debug|Any CPU
		{94D18354-AC59-4145-8669-367BBB0F2CA5}.Debug|iPhone.ActiveCfg = Debug|Any CPU
		{94D18354-AC59-4145-8669-367BBB0F2CA5}.Debug|iPhone.Build.0 = Debug|Any CPU
		{94D18354-AC59-4145-8669-367BBB0F2CA5}.Debug|iPhone.Deploy.0 = Debug|Any CPU
		{94D18354-AC59-4145-8669-367BBB0F2CA5}.Debug|iPhoneSimulator.ActiveCfg = Debug|Any CPU
		{94D18354-AC59-4145-8669-367BBB0F2CA5}.Debug|iPhoneSimulator.Build.0 = Debug|Any CPU
		{94D18354-AC59-4145-8669-367BBB0F2CA5}.Debug|iPhoneSimulator.Deploy.0 = Debug|Any CPU
		{94D18354-AC59-4145-8669-367BBB0F2CA5}.Release|Any CPU.ActiveCfg = Release|Any CPU
		{94D18354-AC59-4145-8669-367BBB0F2CA5}.Release|Any CPU.Build.0 = Release|Any CPU
		{94D18354-AC59-4145-8669-367BBB0F2CA5}.Release|Any CPU.Deploy.0 = Release|Any CPU
		{94D18354-AC59-4145-8669-367BBB0F2CA5}.Release|iPhone.ActiveCfg = Release|Any CPU
		{94D18354-AC59-4145-8669-367BBB0F2CA5}.Release|iPhone.Build.0 = Release|Any CPU
		{94D18354-AC59-4145-8669-367BBB0F2CA5}.Release|iPhone.Deploy.0 = Release|Any CPU
		{94D18354-AC59-4145-8669-367BBB0F2CA5}.Release|iPhoneSimulator.ActiveCfg = Release|Any CPU
		{94D18354-AC59-4145-8669-367BBB0F2CA5}.Release|iPhoneSimulator.Build.0 = Release|Any CPU
		{94D18354-AC59-4145-8669-367BBB0F2CA5}.Release|iPhoneSimulator.Deploy.0 = Release|Any CPU
		{DCD7D95C-DF84-49F4-85B1-D4601F1D993E}.Debug|Any CPU.ActiveCfg = Debug|iPhoneSimulator
		{DCD7D95C-DF84-49F4-85B1-D4601F1D993E}.Debug|Any CPU.Build.0 = Debug|iPhoneSimulator
		{DCD7D95C-DF84-49F4-85B1-D4601F1D993E}.Debug|Any CPU.Deploy.0 = Debug|iPhoneSimulator
		{DCD7D95C-DF84-49F4-85B1-D4601F1D993E}.Debug|iPhone.ActiveCfg = Debug|iPhone
		{DCD7D95C-DF84-49F4-85B1-D4601F1D993E}.Debug|iPhone.Build.0 = Debug|iPhone
		{DCD7D95C-DF84-49F4-85B1-D4601F1D993E}.Debug|iPhone.Deploy.0 = Debug|iPhone
		{DCD7D95C-DF84-49F4-85B1-D4601F1D993E}.Debug|iPhoneSimulator.ActiveCfg = Debug|iPhoneSimulator
		{DCD7D95C-DF84-49F4-85B1-D4601F1D993E}.Debug|iPhoneSimulator.Build.0 = Debug|iPhoneSimulator
		{DCD7D95C-DF84-49F4-85B1-D4601F1D993E}.Debug|iPhoneSimulator.Deploy.0 = Debug|iPhoneSimulator
		{DCD7D95C-DF84-49F4-85B1-D4601F1D993E}.Release|Any CPU.ActiveCfg = Release|iPhone
		{DCD7D95C-DF84-49F4-85B1-D4601F1D993E}.Release|Any CPU.Build.0 = Release|iPhone
		{DCD7D95C-DF84-49F4-85B1-D4601F1D993E}.Release|Any CPU.Deploy.0 = Release|iPhone
		{DCD7D95C-DF84-49F4-85B1-D4601F1D993E}.Release|iPhone.ActiveCfg = Release|iPhone
		{DCD7D95C-DF84-49F4-85B1-D4601F1D993E}.Release|iPhone.Build.0 = Release|iPhone
		{DCD7D95C-DF84-49F4-85B1-D4601F1D993E}.Release|iPhone.Deploy.0 = Release|iPhone
		{DCD7D95C-DF84-49F4-85B1-D4601F1D993E}.Release|iPhoneSimulator.ActiveCfg = Release|iPhoneSimulator
		{DCD7D95C-DF84-49F4-85B1-D4601F1D993E}.Release|iPhoneSimulator.Build.0 = Release|iPhoneSimulator
		{DCD7D95C-DF84-49F4-85B1-D4601F1D993E}.Release|iPhoneSimulator.Deploy.0 = Release|iPhoneSimulator
		{5C1EA95F-A2BC-42DD-A396-B154A103AC59}.Debug|Any CPU.ActiveCfg = Debug|Any CPU
		{5C1EA95F-A2BC-42DD-A396-B154A103AC59}.Debug|Any CPU.Build.0 = Debug|Any CPU
		{5C1EA95F-A2BC-42DD-A396-B154A103AC59}.Debug|Any CPU.Deploy.0 = Debug|Any CPU
		{5C1EA95F-A2BC-42DD-A396-B154A103AC59}.Debug|iPhone.ActiveCfg = Debug|Any CPU
		{5C1EA95F-A2BC-42DD-A396-B154A103AC59}.Debug|iPhone.Build.0 = Debug|Any CPU
		{5C1EA95F-A2BC-42DD-A396-B154A103AC59}.Debug|iPhone.Deploy.0 = Debug|Any CPU
		{5C1EA95F-A2BC-42DD-A396-B154A103AC59}.Debug|iPhoneSimulator.ActiveCfg = Debug|Any CPU
		{5C1EA95F-A2BC-42DD-A396-B154A103AC59}.Debug|iPhoneSimulator.Build.0 = Debug|Any CPU
		{5C1EA95F-A2BC-42DD-A396-B154A103AC59}.Debug|iPhoneSimulator.Deploy.0 = Debug|Any CPU
		{5C1EA95F-A2BC-42DD-A396-B154A103AC59}.Release|Any CPU.ActiveCfg = Release|Any CPU
		{5C1EA95F-A2BC-42DD-A396-B154A103AC59}.Release|Any CPU.Build.0 = Release|Any CPU
		{5C1EA95F-A2BC-42DD-A396-B154A103AC59}.Release|Any CPU.Deploy.0 = Release|Any CPU
		{5C1EA95F-A2BC-42DD-A396-B154A103AC59}.Release|iPhone.ActiveCfg = Release|Any CPU
		{5C1EA95F-A2BC-42DD-A396-B154A103AC59}.Release|iPhone.Build.0 = Release|Any CPU
		{5C1EA95F-A2BC-42DD-A396-B154A103AC59}.Release|iPhone.Deploy.0 = Release|Any CPU
		{5C1EA95F-A2BC-42DD-A396-B154A103AC59}.Release|iPhoneSimulator.ActiveCfg = Release|Any CPU
		{5C1EA95F-A2BC-42DD-A396-B154A103AC59}.Release|iPhoneSimulator.Build.0 = Release|Any CPU
		{5C1EA95F-A2BC-42DD-A396-B154A103AC59}.Release|iPhoneSimulator.Deploy.0 = Release|Any CPU
		{0FE84616-2E8D-4B95-BB73-B5CBAAD7D4CE}.Debug|Any CPU.ActiveCfg = Debug|Any CPU
		{0FE84616-2E8D-4B95-BB73-B5CBAAD7D4CE}.Debug|Any CPU.Build.0 = Debug|Any CPU
		{0FE84616-2E8D-4B95-BB73-B5CBAAD7D4CE}.Debug|iPhone.ActiveCfg = Debug|Any CPU
		{0FE84616-2E8D-4B95-BB73-B5CBAAD7D4CE}.Debug|iPhone.Build.0 = Debug|Any CPU
		{0FE84616-2E8D-4B95-BB73-B5CBAAD7D4CE}.Debug|iPhoneSimulator.ActiveCfg = Debug|Any CPU
		{0FE84616-2E8D-4B95-BB73-B5CBAAD7D4CE}.Debug|iPhoneSimulator.Build.0 = Debug|Any CPU
		{0FE84616-2E8D-4B95-BB73-B5CBAAD7D4CE}.Release|Any CPU.ActiveCfg = Release|Any CPU
		{0FE84616-2E8D-4B95-BB73-B5CBAAD7D4CE}.Release|Any CPU.Build.0 = Release|Any CPU
		{0FE84616-2E8D-4B95-BB73-B5CBAAD7D4CE}.Release|iPhone.ActiveCfg = Release|Any CPU
		{0FE84616-2E8D-4B95-BB73-B5CBAAD7D4CE}.Release|iPhone.Build.0 = Release|Any CPU
		{0FE84616-2E8D-4B95-BB73-B5CBAAD7D4CE}.Release|iPhoneSimulator.ActiveCfg = Release|Any CPU
		{0FE84616-2E8D-4B95-BB73-B5CBAAD7D4CE}.Release|iPhoneSimulator.Build.0 = Release|Any CPU
		{3760B46A-E0E1-4D7D-956E-308C3201E8D3}.Debug|Any CPU.ActiveCfg = Debug|Any CPU
		{3760B46A-E0E1-4D7D-956E-308C3201E8D3}.Debug|Any CPU.Build.0 = Debug|Any CPU
		{3760B46A-E0E1-4D7D-956E-308C3201E8D3}.Debug|iPhone.ActiveCfg = Debug|Any CPU
		{3760B46A-E0E1-4D7D-956E-308C3201E8D3}.Debug|iPhone.Build.0 = Debug|Any CPU
		{3760B46A-E0E1-4D7D-956E-308C3201E8D3}.Debug|iPhoneSimulator.ActiveCfg = Debug|Any CPU
		{3760B46A-E0E1-4D7D-956E-308C3201E8D3}.Debug|iPhoneSimulator.Build.0 = Debug|Any CPU
		{3760B46A-E0E1-4D7D-956E-308C3201E8D3}.Release|Any CPU.ActiveCfg = Release|Any CPU
		{3760B46A-E0E1-4D7D-956E-308C3201E8D3}.Release|Any CPU.Build.0 = Release|Any CPU
		{3760B46A-E0E1-4D7D-956E-308C3201E8D3}.Release|iPhone.ActiveCfg = Release|Any CPU
		{3760B46A-E0E1-4D7D-956E-308C3201E8D3}.Release|iPhone.Build.0 = Release|Any CPU
		{3760B46A-E0E1-4D7D-956E-308C3201E8D3}.Release|iPhoneSimulator.ActiveCfg = Release|Any CPU
		{3760B46A-E0E1-4D7D-956E-308C3201E8D3}.Release|iPhoneSimulator.Build.0 = Release|Any CPU
		{C9B0EA5C-8D3E-4643-A295-7D1912DDB288}.Debug|Any CPU.ActiveCfg = Debug|Any CPU
		{C9B0EA5C-8D3E-4643-A295-7D1912DDB288}.Debug|Any CPU.Build.0 = Debug|Any CPU
		{C9B0EA5C-8D3E-4643-A295-7D1912DDB288}.Debug|iPhone.ActiveCfg = Debug|Any CPU
		{C9B0EA5C-8D3E-4643-A295-7D1912DDB288}.Debug|iPhone.Build.0 = Debug|Any CPU
		{C9B0EA5C-8D3E-4643-A295-7D1912DDB288}.Debug|iPhoneSimulator.ActiveCfg = Debug|Any CPU
		{C9B0EA5C-8D3E-4643-A295-7D1912DDB288}.Debug|iPhoneSimulator.Build.0 = Debug|Any CPU
		{C9B0EA5C-8D3E-4643-A295-7D1912DDB288}.Release|Any CPU.ActiveCfg = Release|Any CPU
		{C9B0EA5C-8D3E-4643-A295-7D1912DDB288}.Release|Any CPU.Build.0 = Release|Any CPU
		{C9B0EA5C-8D3E-4643-A295-7D1912DDB288}.Release|iPhone.ActiveCfg = Release|Any CPU
		{C9B0EA5C-8D3E-4643-A295-7D1912DDB288}.Release|iPhone.Build.0 = Release|Any CPU
		{C9B0EA5C-8D3E-4643-A295-7D1912DDB288}.Release|iPhoneSimulator.ActiveCfg = Release|Any CPU
		{C9B0EA5C-8D3E-4643-A295-7D1912DDB288}.Release|iPhoneSimulator.Build.0 = Release|Any CPU
		{342ED3F4-00F2-43A4-940B-931422A8422A}.Debug|Any CPU.ActiveCfg = Debug|Any CPU
		{342ED3F4-00F2-43A4-940B-931422A8422A}.Debug|Any CPU.Build.0 = Debug|Any CPU
		{342ED3F4-00F2-43A4-940B-931422A8422A}.Debug|iPhone.ActiveCfg = Debug|Any CPU
		{342ED3F4-00F2-43A4-940B-931422A8422A}.Debug|iPhone.Build.0 = Debug|Any CPU
		{342ED3F4-00F2-43A4-940B-931422A8422A}.Debug|iPhoneSimulator.ActiveCfg = Debug|Any CPU
		{342ED3F4-00F2-43A4-940B-931422A8422A}.Debug|iPhoneSimulator.Build.0 = Debug|Any CPU
		{342ED3F4-00F2-43A4-940B-931422A8422A}.Release|Any CPU.ActiveCfg = Release|Any CPU
		{342ED3F4-00F2-43A4-940B-931422A8422A}.Release|Any CPU.Build.0 = Release|Any CPU
		{342ED3F4-00F2-43A4-940B-931422A8422A}.Release|iPhone.ActiveCfg = Release|Any CPU
		{342ED3F4-00F2-43A4-940B-931422A8422A}.Release|iPhone.Build.0 = Release|Any CPU
		{342ED3F4-00F2-43A4-940B-931422A8422A}.Release|iPhoneSimulator.ActiveCfg = Release|Any CPU
		{342ED3F4-00F2-43A4-940B-931422A8422A}.Release|iPhoneSimulator.Build.0 = Release|Any CPU
	EndGlobalSection
	GlobalSection(SolutionProperties) = preSolution
		HideSolutionNode = FALSE
	EndGlobalSection
	GlobalSection(ExtensibilityGlobals) = postSolution
		SolutionGuid = {3AB975EC-F0AF-4523-A82F-B674C0372107}
	EndGlobalSection
EndGlobal
